// !$*UTF8*$!
{
	archiveVersion = 1;
	classes = {
	};
	objectVersion = 46;
	objects = {

/* Begin PBXBuildFile section */
		CD6C7CC51DF101CB002F7987 /* AppDelegate.swift in Sources */ = {isa = PBXBuildFile; fileRef = CD6C7CC41DF101CB002F7987 /* AppDelegate.swift */; };
		CD6C7CC71DF101CB002F7987 /* ViewController.swift in Sources */ = {isa = PBXBuildFile; fileRef = CD6C7CC61DF101CB002F7987 /* ViewController.swift */; };
		CD6C7CCA1DF101CB002F7987 /* Main.storyboard in Resources */ = {isa = PBXBuildFile; fileRef = CD6C7CC81DF101CB002F7987 /* Main.storyboard */; };
		CD6C7CCC1DF101CB002F7987 /* Assets.xcassets in Resources */ = {isa = PBXBuildFile; fileRef = CD6C7CCB1DF101CB002F7987 /* Assets.xcassets */; };
		CD6C7CCF1DF101CB002F7987 /* LaunchScreen.storyboard in Resources */ = {isa = PBXBuildFile; fileRef = CD6C7CCD1DF101CB002F7987 /* LaunchScreen.storyboard */; };
		CD6C7CDA1DF101CB002F7987 /* PruebaTests.swift in Sources */ = {isa = PBXBuildFile; fileRef = CD6C7CD91DF101CB002F7987 /* PruebaTests.swift */; };
		CD6C7CE51DF101CB002F7987 /* PruebaUITests.swift in Sources */ = {isa = PBXBuildFile; fileRef = CD6C7CE41DF101CB002F7987 /* PruebaUITests.swift */; };
/* End PBXBuildFile section */

/* Begin PBXContainerItemProxy section */
		CD6C7CD61DF101CB002F7987 /* PBXContainerItemProxy */ = {
			isa = PBXContainerItemProxy;
			containerPortal = CD6C7CB91DF101CA002F7987 /* Project object */;
			proxyType = 1;
			remoteGlobalIDString = CD6C7CC01DF101CA002F7987;
			remoteInfo = Prueba;
		};
		CD6C7CE11DF101CB002F7987 /* PBXContainerItemProxy */ = {
			isa = PBXContainerItemProxy;
			containerPortal = CD6C7CB91DF101CA002F7987 /* Project object */;
			proxyType = 1;
			remoteGlobalIDString = CD6C7CC01DF101CA002F7987;
			remoteInfo = Prueba;
		};
/* End PBXContainerItemProxy section */

/* Begin PBXFileReference section */
		CD6C7CC11DF101CB002F7987 /* Prueba.app */ = {isa = PBXFileReference; explicitFileType = wrapper.application; includeInIndex = 0; path = Prueba.app; sourceTree = BUILT_PRODUCTS_DIR; };
		CD6C7CC41DF101CB002F7987 /* AppDelegate.swift */ = {isa = PBXFileReference; lastKnownFileType = sourcecode.swift; path = AppDelegate.swift; sourceTree = "<group>"; };
		CD6C7CC61DF101CB002F7987 /* ViewController.swift */ = {isa = PBXFileReference; lastKnownFileType = sourcecode.swift; path = ViewController.swift; sourceTree = "<group>"; };
		CD6C7CC91DF101CB002F7987 /* Base */ = {isa = PBXFileReference; lastKnownFileType = file.storyboard; name = Base; path = Base.lproj/Main.storyboard; sourceTree = "<group>"; };
		CD6C7CCB1DF101CB002F7987 /* Assets.xcassets */ = {isa = PBXFileReference; lastKnownFileType = folder.assetcatalog; path = Assets.xcassets; sourceTree = "<group>"; };
		CD6C7CCE1DF101CB002F7987 /* Base */ = {isa = PBXFileReference; lastKnownFileType = file.storyboard; name = Base; path = Base.lproj/LaunchScreen.storyboard; sourceTree = "<group>"; };
		CD6C7CD01DF101CB002F7987 /* Info.plist */ = {isa = PBXFileReference; lastKnownFileType = text.plist.xml; path = Info.plist; sourceTree = "<group>"; };
		CD6C7CD51DF101CB002F7987 /* PruebaTests.xctest */ = {isa = PBXFileReference; explicitFileType = wrapper.cfbundle; includeInIndex = 0; path = PruebaTests.xctest; sourceTree = BUILT_PRODUCTS_DIR; };
		CD6C7CD91DF101CB002F7987 /* PruebaTests.swift */ = {isa = PBXFileReference; lastKnownFileType = sourcecode.swift; path = PruebaTests.swift; sourceTree = "<group>"; };
		CD6C7CDB1DF101CB002F7987 /* Info.plist */ = {isa = PBXFileReference; lastKnownFileType = text.plist.xml; path = Info.plist; sourceTree = "<group>"; };
		CD6C7CE01DF101CB002F7987 /* PruebaUITests.xctest */ = {isa = PBXFileReference; explicitFileType = wrapper.cfbundle; includeInIndex = 0; path = PruebaUITests.xctest; sourceTree = BUILT_PRODUCTS_DIR; };
		CD6C7CE41DF101CB002F7987 /* PruebaUITests.swift */ = {isa = PBXFileReference; lastKnownFileType = sourcecode.swift; path = PruebaUITests.swift; sourceTree = "<group>"; };
		CD6C7CE61DF101CB002F7987 /* Info.plist */ = {isa = PBXFileReference; lastKnownFileType = text.plist.xml; path = Info.plist; sourceTree = "<group>"; };
/* End PBXFileReference section */

/* Begin PBXFrameworksBuildPhase section */
		CD6C7CBE1DF101CA002F7987 /* Frameworks */ = {
			isa = PBXFrameworksBuildPhase;
			buildActionMask = 2147483647;
			files = (
			);
			runOnlyForDeploymentPostprocessing = 0;
		};
		CD6C7CD21DF101CB002F7987 /* Frameworks */ = {
			isa = PBXFrameworksBuildPhase;
			buildActionMask = 2147483647;
			files = (
			);
			runOnlyForDeploymentPostprocessing = 0;
		};
		CD6C7CDD1DF101CB002F7987 /* Frameworks */ = {
			isa = PBXFrameworksBuildPhase;
			buildActionMask = 2147483647;
			files = (
			);
			runOnlyForDeploymentPostprocessing = 0;
		};
/* End PBXFrameworksBuildPhase section */

/* Begin PBXGroup section */
		CD6C7CB81DF101CA002F7987 = {
			isa = PBXGroup;
			children = (
				CD6C7CC31DF101CB002F7987 /* Prueba */,
				CD6C7CD81DF101CB002F7987 /* PruebaTests */,
				CD6C7CE31DF101CB002F7987 /* PruebaUITests */,
				CD6C7CC21DF101CB002F7987 /* Products */,
			);
			sourceTree = "<group>";
		};
		CD6C7CC21DF101CB002F7987 /* Products */ = {
			isa = PBXGroup;
			children = (
				CD6C7CC11DF101CB002F7987 /* Prueba.app */,
				CD6C7CD51DF101CB002F7987 /* PruebaTests.xctest */,
				CD6C7CE01DF101CB002F7987 /* PruebaUITests.xctest */,
			);
			name = Products;
			sourceTree = "<group>";
		};
		CD6C7CC31DF101CB002F7987 /* Prueba */ = {
			isa = PBXGroup;
			children = (
				CD6C7CC41DF101CB002F7987 /* AppDelegate.swift */,
				CD6C7CC61DF101CB002F7987 /* ViewController.swift */,
				CD6C7CC81DF101CB002F7987 /* Main.storyboard */,
				CD6C7CCB1DF101CB002F7987 /* Assets.xcassets */,
				CD6C7CCD1DF101CB002F7987 /* LaunchScreen.storyboard */,
				CD6C7CD01DF101CB002F7987 /* Info.plist */,
			);
			path = Prueba;
			sourceTree = "<group>";
		};
		CD6C7CD81DF101CB002F7987 /* PruebaTests */ = {
			isa = PBXGroup;
			children = (
				CD6C7CD91DF101CB002F7987 /* PruebaTests.swift */,
				CD6C7CDB1DF101CB002F7987 /* Info.plist */,
			);
			path = PruebaTests;
			sourceTree = "<group>";
		};
		CD6C7CE31DF101CB002F7987 /* PruebaUITests */ = {
			isa = PBXGroup;
			children = (
				CD6C7CE41DF101CB002F7987 /* PruebaUITests.swift */,
				CD6C7CE61DF101CB002F7987 /* Info.plist */,
			);
			path = PruebaUITests;
			sourceTree = "<group>";
		};
/* End PBXGroup section */

/* Begin PBXNativeTarget section */
		CD6C7CC01DF101CA002F7987 /* Prueba */ = {
			isa = PBXNativeTarget;
			buildConfigurationList = CD6C7CE91DF101CB002F7987 /* Build configuration list for PBXNativeTarget "Prueba" */;
			buildPhases = (
				CD6C7CBD1DF101CA002F7987 /* Sources */,
				CD6C7CBE1DF101CA002F7987 /* Frameworks */,
				CD6C7CBF1DF101CA002F7987 /* Resources */,
			);
			buildRules = (
			);
			dependencies = (
			);
			name = Prueba;
			productName = Prueba;
			productReference = CD6C7CC11DF101CB002F7987 /* Prueba.app */;
			productType = "com.apple.product-type.application";
		};
		CD6C7CD41DF101CB002F7987 /* PruebaTests */ = {
			isa = PBXNativeTarget;
			buildConfigurationList = CD6C7CEC1DF101CB002F7987 /* Build configuration list for PBXNativeTarget "PruebaTests" */;
			buildPhases = (
				CD6C7CD11DF101CB002F7987 /* Sources */,
				CD6C7CD21DF101CB002F7987 /* Frameworks */,
				CD6C7CD31DF101CB002F7987 /* Resources */,
			);
			buildRules = (
			);
			dependencies = (
				CD6C7CD71DF101CB002F7987 /* PBXTargetDependency */,
			);
			name = PruebaTests;
			productName = PruebaTests;
			productReference = CD6C7CD51DF101CB002F7987 /* PruebaTests.xctest */;
			productType = "com.apple.product-type.bundle.unit-test";
		};
		CD6C7CDF1DF101CB002F7987 /* PruebaUITests */ = {
			isa = PBXNativeTarget;
			buildConfigurationList = CD6C7CEF1DF101CB002F7987 /* Build configuration list for PBXNativeTarget "PruebaUITests" */;
			buildPhases = (
				CD6C7CDC1DF101CB002F7987 /* Sources */,
				CD6C7CDD1DF101CB002F7987 /* Frameworks */,
				CD6C7CDE1DF101CB002F7987 /* Resources */,
			);
			buildRules = (
			);
			dependencies = (
				CD6C7CE21DF101CB002F7987 /* PBXTargetDependency */,
			);
			name = PruebaUITests;
			productName = PruebaUITests;
			productReference = CD6C7CE01DF101CB002F7987 /* PruebaUITests.xctest */;
			productType = "com.apple.product-type.bundle.ui-testing";
		};
/* End PBXNativeTarget section */

/* Begin PBXProject section */
		CD6C7CB91DF101CA002F7987 /* Project object */ = {
			isa = PBXProject;
			attributes = {
				LastSwiftUpdateCheck = 0810;
				LastUpgradeCheck = 0810;
				ORGANIZATIONNAME = "Enrique Jimenez Gonzalez";
				TargetAttributes = {
					CD6C7CC01DF101CA002F7987 = {
						CreatedOnToolsVersion = 8.1;
						DevelopmentTeam = GA8NEEKE3Q;
						ProvisioningStyle = Automatic;
					};
					CD6C7CD41DF101CB002F7987 = {
						CreatedOnToolsVersion = 8.1;
						DevelopmentTeam = GA8NEEKE3Q;
						ProvisioningStyle = Automatic;
						TestTargetID = CD6C7CC01DF101CA002F7987;
					};
					CD6C7CDF1DF101CB002F7987 = {
						CreatedOnToolsVersion = 8.1;
						DevelopmentTeam = GA8NEEKE3Q;
						ProvisioningStyle = Automatic;
						TestTargetID = CD6C7CC01DF101CA002F7987;
					};
				};
			};
			buildConfigurationList = CD6C7CBC1DF101CA002F7987 /* Build configuration list for PBXProject "Prueba" */;
			compatibilityVersion = "Xcode 3.2";
			developmentRegion = English;
			hasScannedForEncodings = 0;
			knownRegions = (
				en,
				Base,
			);
			mainGroup = CD6C7CB81DF101CA002F7987;
			productRefGroup = CD6C7CC21DF101CB002F7987 /* Products */;
			projectDirPath = "";
			projectRoot = "";
			targets = (
				CD6C7CC01DF101CA002F7987 /* Prueba */,
				CD6C7CD41DF101CB002F7987 /* PruebaTests */,
				CD6C7CDF1DF101CB002F7987 /* PruebaUITests */,
			);
		};
/* End PBXProject section */

/* Begin PBXResourcesBuildPhase section */
		CD6C7CBF1DF101CA002F7987 /* Resources */ = {
			isa = PBXResourcesBuildPhase;
			buildActionMask = 2147483647;
			files = (
				CD6C7CCF1DF101CB002F7987 /* LaunchScreen.storyboard in Resources */,
				CD6C7CCC1DF101CB002F7987 /* Assets.xcassets in Resources */,
				CD6C7CCA1DF101CB002F7987 /* Main.storyboard in Resources */,
			);
			runOnlyForDeploymentPostprocessing = 0;
		};
		CD6C7CD31DF101CB002F7987 /* Resources */ = {
			isa = PBXResourcesBuildPhase;
			buildActionMask = 2147483647;
			files = (
			);
			runOnlyForDeploymentPostprocessing = 0;
		};
		CD6C7CDE1DF101CB002F7987 /* Resources */ = {
			isa = PBXResourcesBuildPhase;
			buildActionMask = 2147483647;
			files = (
			);
			runOnlyForDeploymentPostprocessing = 0;
		};
/* End PBXResourcesBuildPhase section */

/* Begin PBXSourcesBuildPhase section */
		CD6C7CBD1DF101CA002F7987 /* Sources */ = {
			isa = PBXSourcesBuildPhase;
			buildActionMask = 2147483647;
			files = (
				CD6C7CC71DF101CB002F7987 /* ViewController.swift in Sources */,
				CD6C7CC51DF101CB002F7987 /* AppDelegate.swift in Sources */,
			);
			runOnlyForDeploymentPostprocessing = 0;
		};
		CD6C7CD11DF101CB002F7987 /* Sources */ = {
			isa = PBXSourcesBuildPhase;
			buildActionMask = 2147483647;
			files = (
				CD6C7CDA1DF101CB002F7987 /* PruebaTests.swift in Sources */,
			);
			runOnlyForDeploymentPostprocessing = 0;
		};
		CD6C7CDC1DF101CB002F7987 /* Sources */ = {
			isa = PBXSourcesBuildPhase;
			buildActionMask = 2147483647;
			files = (
				CD6C7CE51DF101CB002F7987 /* PruebaUITests.swift in Sources */,
			);
			runOnlyForDeploymentPostprocessing = 0;
		};
/* End PBXSourcesBuildPhase section */

/* Begin PBXTargetDependency section */
		CD6C7CD71DF101CB002F7987 /* PBXTargetDependency */ = {
			isa = PBXTargetDependency;
			target = CD6C7CC01DF101CA002F7987 /* Prueba */;
			targetProxy = CD6C7CD61DF101CB002F7987 /* PBXContainerItemProxy */;
		};
		CD6C7CE21DF101CB002F7987 /* PBXTargetDependency */ = {
			isa = PBXTargetDependency;
			target = CD6C7CC01DF101CA002F7987 /* Prueba */;
			targetProxy = CD6C7CE11DF101CB002F7987 /* PBXContainerItemProxy */;
		};
/* End PBXTargetDependency section */

/* Begin PBXVariantGroup section */
		CD6C7CC81DF101CB002F7987 /* Main.storyboard */ = {
			isa = PBXVariantGroup;
			children = (
				CD6C7CC91DF101CB002F7987 /* Base */,
			);
			name = Main.storyboard;
			sourceTree = "<group>";
		};
		CD6C7CCD1DF101CB002F7987 /* LaunchScreen.storyboard */ = {
			isa = PBXVariantGroup;
			children = (
				CD6C7CCE1DF101CB002F7987 /* Base */,
			);
			name = LaunchScreen.storyboard;
			sourceTree = "<group>";
		};
/* End PBXVariantGroup section */

/* Begin XCBuildConfiguration section */
		CD6C7CE71DF101CB002F7987 /* Debug */ = {
			isa = XCBuildConfiguration;
			buildSettings = {
				ALWAYS_SEARCH_USER_PATHS = NO;
				CLANG_ANALYZER_NONNULL = YES;
				CLANG_CXX_LANGUAGE_STANDARD = "gnu++0x";
				CLANG_CXX_LIBRARY = "libc++";
				CLANG_ENABLE_MODULES = YES;
				CLANG_ENABLE_OBJC_ARC = YES;
				CLANG_WARN_BOOL_CONVERSION = YES;
				CLANG_WARN_CONSTANT_CONVERSION = YES;
				CLANG_WARN_DIRECT_OBJC_ISA_USAGE = YES_ERROR;
				CLANG_WARN_DOCUMENTATION_COMMENTS = YES;
				CLANG_WARN_EMPTY_BODY = YES;
				CLANG_WARN_ENUM_CONVERSION = YES;
				CLANG_WARN_INFINITE_RECURSION = YES;
				CLANG_WARN_INT_CONVERSION = YES;
				CLANG_WARN_OBJC_ROOT_CLASS = YES_ERROR;
				CLANG_WARN_SUSPICIOUS_MOVES = YES;
				CLANG_WARN_UNREACHABLE_CODE = YES;
				CLANG_WARN__DUPLICATE_METHOD_MATCH = YES;
				"CODE_SIGN_IDENTITY[sdk=iphoneos*]" = "iPhone Developer";
				COPY_PHASE_STRIP = NO;
				DEBUG_INFORMATION_FORMAT = dwarf;
				ENABLE_STRICT_OBJC_MSGSEND = YES;
				ENABLE_TESTABILITY = YES;
				GCC_C_LANGUAGE_STANDARD = gnu99;
				GCC_DYNAMIC_NO_PIC = NO;
				GCC_NO_COMMON_BLOCKS = YES;
				GCC_OPTIMIZATION_LEVEL = 0;
				GCC_PREPROCESSOR_DEFINITIONS = (
					"DEBUG=1",
					"$(inherited)",
				);
				GCC_WARN_64_TO_32_BIT_CONVERSION = YES;
				GCC_WARN_ABOUT_RETURN_TYPE = YES_ERROR;
				GCC_WARN_UNDECLARED_SELECTOR = YES;
				GCC_WARN_UNINITIALIZED_AUTOS = YES_AGGRESSIVE;
				GCC_WARN_UNUSED_FUNCTION = YES;
				GCC_WARN_UNUSED_VARIABLE = YES;
				IPHONEOS_DEPLOYMENT_TARGET = 10.1;
				MTL_ENABLE_DEBUG_INFO = YES;
				ONLY_ACTIVE_ARCH = YES;
				SDKROOT = iphoneos;
				SWIFT_ACTIVE_COMPILATION_CONDITIONS = DEBUG;
				SWIFT_OPTIMIZATION_LEVEL = "-Onone";
				TARGETED_DEVICE_FAMILY = "1,2";
			};
			name = Debug;
		};
		CD6C7CE81DF101CB002F7987 /* Release */ = {
			isa = XCBuildConfiguration;
			buildSettings = {
				ALWAYS_SEARCH_USER_PATHS = NO;
				CLANG_ANALYZER_NONNULL = YES;
				CLANG_CXX_LANGUAGE_STANDARD = "gnu++0x";
				CLANG_CXX_LIBRARY = "libc++";
				CLANG_ENABLE_MODULES = YES;
				CLANG_ENABLE_OBJC_ARC = YES;
				CLANG_WARN_BOOL_CONVERSION = YES;
				CLANG_WARN_CONSTANT_CONVERSION = YES;
				CLANG_WARN_DIRECT_OBJC_ISA_USAGE = YES_ERROR;
				CLANG_WARN_DOCUMENTATION_COMMENTS = YES;
				CLANG_WARN_EMPTY_BODY = YES;
				CLANG_WARN_ENUM_CONVERSION = YES;
				CLANG_WARN_INFINITE_RECURSION = YES;
				CLANG_WARN_INT_CONVERSION = YES;
				CLANG_WARN_OBJC_ROOT_CLASS = YES_ERROR;
				CLANG_WARN_SUSPICIOUS_MOVES = YES;
				CLANG_WARN_UNREACHABLE_CODE = YES;
				CLANG_WARN__DUPLICATE_METHOD_MATCH = YES;
				"CODE_SIGN_IDENTITY[sdk=iphoneos*]" = "iPhone Developer";
				COPY_PHASE_STRIP = NO;
				DEBUG_INFORMATION_FORMAT = "dwarf-with-dsym";
				ENABLE_NS_ASSERTIONS = NO;
				ENABLE_STRICT_OBJC_MSGSEND = YES;
				GCC_C_LANGUAGE_STANDARD = gnu99;
				GCC_NO_COMMON_BLOCKS = YES;
				GCC_WARN_64_TO_32_BIT_CONVERSION = YES;
				GCC_WARN_ABOUT_RETURN_TYPE = YES_ERROR;
				GCC_WARN_UNDECLARED_SELECTOR = YES;
				GCC_WARN_UNINITIALIZED_AUTOS = YES_AGGRESSIVE;
				GCC_WARN_UNUSED_FUNCTION = YES;
				GCC_WARN_UNUSED_VARIABLE = YES;
				IPHONEOS_DEPLOYMENT_TARGET = 10.1;
				MTL_ENABLE_DEBUG_INFO = NO;
				SDKROOT = iphoneos;
				SWIFT_OPTIMIZATION_LEVEL = "-Owholemodule";
				TARGETED_DEVICE_FAMILY = "1,2";
				VALIDATE_PRODUCT = YES;
			};
			name = Release;
		};
		CD6C7CEA1DF101CB002F7987 /* Debug */ = {
			isa = XCBuildConfiguration;
			buildSettings = {
				ASSETCATALOG_COMPILER_APPICON_NAME = AppIcon;
				DEVELOPMENT_TEAM = GA8NEEKE3Q;
				INFOPLIST_FILE = Prueba/Info.plist;
				LD_RUNPATH_SEARCH_PATHS = "$(inherited) @executable_path/Frameworks";
				PRODUCT_BUNDLE_IDENTIFIER = Enrique.Prueba;
				PRODUCT_NAME = "$(TARGET_NAME)";
				SWIFT_VERSION = 3.0;
			};
			name = Debug;
		};
		CD6C7CEB1DF101CB002F7987 /* Release */ = {
			isa = XCBuildConfiguration;
			buildSettings = {
				ASSETCATALOG_COMPILER_APPICON_NAME = AppIcon;
				DEVELOPMENT_TEAM = GA8NEEKE3Q;
				INFOPLIST_FILE = Prueba/Info.plist;
				LD_RUNPATH_SEARCH_PATHS = "$(inherited) @executable_path/Frameworks";
				PRODUCT_BUNDLE_IDENTIFIER = Enrique.Prueba;
				PRODUCT_NAME = "$(TARGET_NAME)";
				SWIFT_VERSION = 3.0;
			};
			name = Release;
		};
		CD6C7CED1DF101CB002F7987 /* Debug */ = {
			isa = XCBuildConfiguration;
			buildSettings = {
				ALWAYS_EMBED_SWIFT_STANDARD_LIBRARIES = YES;
				BUNDLE_LOADER = "$(TEST_HOST)";
				DEVELOPMENT_TEAM = GA8NEEKE3Q;
				INFOPLIST_FILE = PruebaTests/Info.plist;
				LD_RUNPATH_SEARCH_PATHS = "$(inherited) @executable_path/Frameworks @loader_path/Frameworks";
				PRODUCT_BUNDLE_IDENTIFIER = Enrique.PruebaTests;
				PRODUCT_NAME = "$(TARGET_NAME)";
				SWIFT_VERSION = 3.0;
				TEST_HOST = "$(BUILT_PRODUCTS_DIR)/Prueba.app/Prueba";
			};
			name = Debug;
		};
		CD6C7CEE1DF101CB002F7987 /* Release */ = {
			isa = XCBuildConfiguration;
			buildSettings = {
				ALWAYS_EMBED_SWIFT_STANDARD_LIBRARIES = YES;
				BUNDLE_LOADER = "$(TEST_HOST)";
				DEVELOPMENT_TEAM = GA8NEEKE3Q;
				INFOPLIST_FILE = PruebaTests/Info.plist;
				LD_RUNPATH_SEARCH_PATHS = "$(inherited) @executable_path/Frameworks @loader_path/Frameworks";
				PRODUCT_BUNDLE_IDENTIFIER = Enrique.PruebaTests;
				PRODUCT_NAME = "$(TARGET_NAME)";
				SWIFT_VERSION = 3.0;
				TEST_HOST = "$(BUILT_PRODUCTS_DIR)/Prueba.app/Prueba";
			};
			name = Release;
		};
		CD6C7CF01DF101CB002F7987 /* Debug */ = {
			isa = XCBuildConfiguration;
			buildSettings = {
				ALWAYS_EMBED_SWIFT_STANDARD_LIBRARIES = YES;
				DEVELOPMENT_TEAM = GA8NEEKE3Q;
				INFOPLIST_FILE = PruebaUITests/Info.plist;
				LD_RUNPATH_SEARCH_PATHS = "$(inherited) @executable_path/Frameworks @loader_path/Frameworks";
				PRODUCT_BUNDLE_IDENTIFIER = Enrique.PruebaUITests;
				PRODUCT_NAME = "$(TARGET_NAME)";
				SWIFT_VERSION = 3.0;
				TEST_TARGET_NAME = Prueba;
			};
			name = Debug;
		};
		CD6C7CF11DF101CB002F7987 /* Release */ = {
			isa = XCBuildConfiguration;
			buildSettings = {
				ALWAYS_EMBED_SWIFT_STANDARD_LIBRARIES = YES;
				DEVELOPMENT_TEAM = GA8NEEKE3Q;
				INFOPLIST_FILE = PruebaUITests/Info.plist;
				LD_RUNPATH_SEARCH_PATHS = "$(inherited) @executable_path/Frameworks @loader_path/Frameworks";
				PRODUCT_BUNDLE_IDENTIFIER = Enrique.PruebaUITests;
				PRODUCT_NAME = "$(TARGET_NAME)";
				SWIFT_VERSION = 3.0;
				TEST_TARGET_NAME = Prueba;
			};
			name = Release;
		};
/* End XCBuildConfiguration section */

/* Begin XCConfigurationList section */
		CD6C7CBC1DF101CA002F7987 /* Build configuration list for PBXProject "Prueba" */ = {
			isa = XCConfigurationList;
			buildConfigurations = (
				CD6C7CE71DF101CB002F7987 /* Debug */,
				CD6C7CE81DF101CB002F7987 /* Release */,
			);
			defaultConfigurationIsVisible = 0;
			defaultConfigurationName = Release;
		};
		CD6C7CE91DF101CB002F7987 /* Build configuration list for PBXNativeTarget "Prueba" */ = {
			isa = XCConfigurationList;
			buildConfigurations = (
				CD6C7CEA1DF101CB002F7987 /* Debug */,
				CD6C7CEB1DF101CB002F7987 /* Release */,
			);
			defaultConfigurationIsVisible = 0;
		};
		CD6C7CEC1DF101CB002F7987 /* Build configuration list for PBXNativeTarget "PruebaTests" */ = {
			isa = XCConfigurationList;
			buildConfigurations = (
				CD6C7CED1DF101CB002F7987 /* Debug */,
				CD6C7CEE1DF101CB002F7987 /* Release */,
			);
			defaultConfigurationIsVisible = 0;
		};
		CD6C7CEF1DF101CB002F7987 /* Build configuration list for PBXNativeTarget "PruebaUITests" */ = {
			isa = XCConfigurationList;
			buildConfigurations = (
				CD6C7CF01DF101CB002F7987 /* Debug */,
				CD6C7CF11DF101CB002F7987 /* Release */,
			);
			defaultConfigurationIsVisible = 0;
		};
/* End XCConfigurationList section */
	};
	rootObject = CD6C7CB91DF101CA002F7987 /* Project object */;
}
